
Microsoft Visual Studio Solution File, Format Version 12.00
# Visual Studio Version 16
VisualStudioVersion = 16.0.30114.105
MinimumVisualStudioVersion = 10.0.40219.1
Project("{9092AA53-FB77-4645-B42D-1CCCA6BD08BD}") = "Login", "Login.njsproj", "{BB1D2AF0-FBC1-485E-B8D3-8E36A0FF9864}"
EndProject
Global
	GlobalSection(SolutionConfigurationPlatforms) = preSolution
		Debug|Any CPU = Debug|Any CPU
		Release|Any CPU = Release|Any CPU
	EndGlobalSection
	GlobalSection(ProjectConfigurationPlatforms) = postSolution
		{BB1D2AF0-FBC1-485E-B8D3-8E36A0FF9864}.Debug|Any CPU.ActiveCfg = Debug|Any CPU
		{BB1D2AF0-FBC1-485E-B8D3-8E36A0FF9864}.Debug|Any CPU.Build.0 = Debug|Any CPU
		{BB1D2AF0-FBC1-485E-B8D3-8E36A0FF9864}.Release|Any CPU.ActiveCfg = Release|Any CPU
		{BB1D2AF0-FBC1-485E-B8D3-8E36A0FF9864}.Release|Any CPU.Build.0 = Release|Any CPU
	EndGlobalSection
	GlobalSection(SolutionProperties) = preSolution
		HideSolutionNode = FALSE
	EndGlobalSection
	GlobalSection(ExtensibilityGlobals) = postSolution
		SolutionGuid = {23640E68-03A3-4058-83CD-C64AABAE80D5}
	EndGlobalSection
EndGlobal
